// !$*UTF8*$!
{
	archiveVersion = 1;
	classes = {
	};
	objectVersion = 46;
	objects = {

/* Begin PBXBuildFile section */
		01260108149D6DA700D31467 /* UIKit.framework in Frameworks */ = {isa = PBXBuildFile; fileRef = 01260107149D6DA700D31467 /* UIKit.framework */; };
		0126010A149D6DA700D31467 /* Foundation.framework in Frameworks */ = {isa = PBXBuildFile; fileRef = 01260109149D6DA700D31467 /* Foundation.framework */; };
		0126010C149D6DA700D31467 /* CoreGraphics.framework in Frameworks */ = {isa = PBXBuildFile; fileRef = 0126010B149D6DA700D31467 /* CoreGraphics.framework */; };
		01260112149D6DA700D31467 /* InfoPlist.strings in Resources */ = {isa = PBXBuildFile; fileRef = 01260110149D6DA700D31467 /* InfoPlist.strings */; };
		01260114149D6DA700D31467 /* main.m in Sources */ = {isa = PBXBuildFile; fileRef = 01260113149D6DA700D31467 /* main.m */; };
		01260118149D6DA800D31467 /* AppDelegate.m in Sources */ = {isa = PBXBuildFile; fileRef = 01260117149D6DA800D31467 /* AppDelegate.m */; };
		0126011B149D6DA800D31467 /* ViewController.m in Sources */ = {isa = PBXBuildFile; fileRef = 0126011A149D6DA800D31467 /* ViewController.m */; };
		0126011E149D6DA800D31467 /* ViewController.xib in Resources */ = {isa = PBXBuildFile; fileRef = 0126011C149D6DA800D31467 /* ViewController.xib */; };
		012B9E7F149D866700075D91 /* ColorUtils.m in Sources */ = {isa = PBXBuildFile; fileRef = 012B9E7E149D866700075D91 /* ColorUtils.m */; };
		012C5C89181126FA0073BFCE /* Plaid.jpg in Resources */ = {isa = PBXBuildFile; fileRef = 012C5C88181126FA0073BFCE /* Plaid.jpg */; };
		01C0FFFA163DBA5B00A87C3E /* Default-568h@2x.png in Resources */ = {isa = PBXBuildFile; fileRef = 01C0FFF9163DBA5B00A87C3E /* Default-568h@2x.png */; };
/* End PBXBuildFile section */

/* Begin PBXFileReference section */
		01260103149D6DA700D31467 /* ColorUtilsExample.app */ = {isa = PBXFileReference; explicitFileType = wrapper.application; includeInIndex = 0; path = ColorUtilsExample.app; sourceTree = BUILT_PRODUCTS_DIR; };
		01260107149D6DA700D31467 /* UIKit.framework */ = {isa = PBXFileReference; lastKnownFileType = wrapper.framework; name = UIKit.framework; path = System/Library/Frameworks/UIKit.framework; sourceTree = SDKROOT; };
		01260109149D6DA700D31467 /* Foundation.framework */ = {isa = PBXFileReference; lastKnownFileType = wrapper.framework; name = Foundation.framework; path = System/Library/Frameworks/Foundation.framework; sourceTree = SDKROOT; };
		0126010B149D6DA700D31467 /* CoreGraphics.framework */ = {isa = PBXFileReference; lastKnownFileType = wrapper.framework; name = CoreGraphics.framework; path = System/Library/Frameworks/CoreGraphics.framework; sourceTree = SDKROOT; };
		0126010F149D6DA700D31467 /* ColorUtilsExample-Info.plist */ = {isa = PBXFileReference; lastKnownFileType = text.plist.xml; path = "ColorUtilsExample-Info.plist"; sourceTree = "<group>"; };
		01260111149D6DA700D31467 /* en */ = {isa = PBXFileReference; lastKnownFileType = text.plist.strings; name = en; path = en.lproj/InfoPlist.strings; sourceTree = "<group>"; };
		01260113149D6DA700D31467 /* main.m */ = {isa = PBXFileReference; lastKnownFileType = sourcecode.c.objc; path = main.m; sourceTree = "<group>"; };
		01260116149D6DA700D31467 /* AppDelegate.h */ = {isa = PBXFileReference; lastKnownFileType = sourcecode.c.h; path = AppDelegate.h; sourceTree = "<group>"; };
		01260117149D6DA800D31467 /* AppDelegate.m */ = {isa = PBXFileReference; lastKnownFileType = sourcecode.c.objc; path = AppDelegate.m; sourceTree = "<group>"; };
		01260119149D6DA800D31467 /* ViewController.h */ = {isa = PBXFileReference; lastKnownFileType = sourcecode.c.h; path = ViewController.h; sourceTree = "<group>"; };
		0126011A149D6DA800D31467 /* ViewController.m */ = {isa = PBXFileReference; lastKnownFileType = sourcecode.c.objc; path = ViewController.m; sourceTree = "<group>"; };
		0126011D149D6DA800D31467 /* en */ = {isa = PBXFileReference; lastKnownFileType = file.xib; name = en; path = en.lproj/ViewController.xib; sourceTree = "<group>"; };
		012B9E7D149D866700075D91 /* ColorUtils.h */ = {isa = PBXFileReference; fileEncoding = 4; lastKnownFileType = sourcecode.c.h; path = ColorUtils.h; sourceTree = "<group>"; };
		012B9E7E149D866700075D91 /* ColorUtils.m */ = {isa = PBXFileReference; fileEncoding = 4; lastKnownFileType = sourcecode.c.objc; name = ColorUtils.m; path = ../../ColorUtils/ColorUtils.m; sourceTree = SOURCE_ROOT; };
		012C5C88181126FA0073BFCE /* Plaid.jpg */ = {isa = PBXFileReference; lastKnownFileType = image.jpeg; path = Plaid.jpg; sourceTree = "<group>"; };
		01C0FFF9163DBA5B00A87C3E /* Default-568h@2x.png */ = {isa = PBXFileReference; lastKnownFileType = image.png; path = "Default-568h@2x.png"; sourceTree = "<group>"; };
/* End PBXFileReference section */

/* Begin PBXFrameworksBuildPhase section */
		01260100149D6DA700D31467 /* Frameworks */ = {
			isa = PBXFrameworksBuildPhase;
			buildActionMask = 2147483647;
			files = (
				01260108149D6DA700D31467 /* UIKit.framework in Frameworks */,
				0126010A149D6DA700D31467 /* Foundation.framework in Frameworks */,
				0126010C149D6DA700D31467 /* CoreGraphics.framework in Frameworks */,
			);
			runOnlyForDeploymentPostprocessing = 0;
		};
/* End PBXFrameworksBuildPhase section */

/* Begin PBXGroup section */
		012600F8149D6DA700D31467 = {
			isa = PBXGroup;
			children = (
				012B9E7C149D866700075D91 /* ColorUtils */,
				0126010D149D6DA700D31467 /* ColorUtilsExample */,
				01260106149D6DA700D31467 /* Frameworks */,
				01260104149D6DA700D31467 /* Products */,
			);
			sourceTree = "<group>";
		};
		01260104149D6DA700D31467 /* Products */ = {
			isa = PBXGroup;
			children = (
				01260103149D6DA700D31467 /* ColorUtilsExample.app */,
			);
			name = Products;
			sourceTree = "<group>";
		};
		01260106149D6DA700D31467 /* Frameworks */ = {
			isa = PBXGroup;
			children = (
				01260107149D6DA700D31467 /* UIKit.framework */,
				01260109149D6DA700D31467 /* Foundation.framework */,
				0126010B149D6DA700D31467 /* CoreGraphics.framework */,
			);
			name = Frameworks;
			sourceTree = "<group>";
		};
		0126010D149D6DA700D31467 /* ColorUtilsExample */ = {
			isa = PBXGroup;
			children = (
				01260116149D6DA700D31467 /* AppDelegate.h */,
				01260117149D6DA800D31467 /* AppDelegate.m */,
				01260119149D6DA800D31467 /* ViewController.h */,
				0126011A149D6DA800D31467 /* ViewController.m */,
				0126011C149D6DA800D31467 /* ViewController.xib */,
				0126010E149D6DA700D31467 /* Supporting Files */,
			);
			path = ColorUtilsExample;
			sourceTree = "<group>";
		};
		0126010E149D6DA700D31467 /* Supporting Files */ = {
			isa = PBXGroup;
			children = (
				01C0FFF9163DBA5B00A87C3E /* Default-568h@2x.png */,
				0126010F149D6DA700D31467 /* ColorUtilsExample-Info.plist */,
				01260110149D6DA700D31467 /* InfoPlist.strings */,
				01260113149D6DA700D31467 /* main.m */,
				012C5C88181126FA0073BFCE /* Plaid.jpg */,
			);
			name = "Supporting Files";
			sourceTree = "<group>";
		};
		012B9E7C149D866700075D91 /* ColorUtils */ = {
			isa = PBXGroup;
			children = (
				012B9E7D149D866700075D91 /* ColorUtils.h */,
				012B9E7E149D866700075D91 /* ColorUtils.m */,
			);
			name = ColorUtils;
			path = ../../ColorUtils;
			sourceTree = "<group>";
		};
/* End PBXGroup section */

/* Begin PBXNativeTarget section */
		01260102149D6DA700D31467 /* ColorUtilsExample */ = {
			isa = PBXNativeTarget;
			buildConfigurationList = 01260124149D6DA800D31467 /* Build configuration list for PBXNativeTarget "ColorUtilsExample" */;
			buildPhases = (
				012600FF149D6DA700D31467 /* Sources */,
				01260100149D6DA700D31467 /* Frameworks */,
				01260101149D6DA700D31467 /* Resources */,
			);
			buildRules = (
			);
			dependencies = (
			);
			name = ColorUtilsExample;
			productName = ColorUtilsExample;
			productReference = 01260103149D6DA700D31467 /* ColorUtilsExample.app */;
			productType = "com.apple.product-type.application";
		};
/* End PBXNativeTarget section */

/* Begin PBXProject section */
		012600FA149D6DA700D31467 /* Project object */ = {
			isa = PBXProject;
			attributes = {
				LastUpgradeCheck = 0600;
			};
			buildConfigurationList = 012600FD149D6DA700D31467 /* Build configuration list for PBXProject "ColorUtilsExample" */;
			compatibilityVersion = "Xcode 3.2";
			developmentRegion = English;
			hasScannedForEncodings = 0;
			knownRegions = (
				en,
			);
			mainGroup = 012600F8149D6DA700D31467;
			productRefGroup = 01260104149D6DA700D31467 /* Products */;
			projectDirPath = "";
			projectRoot = "";
			targets = (
				01260102149D6DA700D31467 /* ColorUtilsExample */,
			);
		};
/* End PBXProject section */

/* Begin PBXResourcesBuildPhase section */
		01260101149D6DA700D31467 /* Resources */ = {
			isa = PBXResourcesBuildPhase;
			buildActionMask = 2147483647;
			files = (
				01260112149D6DA700D31467 /* InfoPlist.strings in Resources */,
				0126011E149D6DA800D31467 /* ViewController.xib in Resources */,
				01C0FFFA163DBA5B00A87C3E /* Default-568h@2x.png in Resources */,
				012C5C89181126FA0073BFCE /* Plaid.jpg in Resources */,
			);
			runOnlyForDeploymentPostprocessing = 0;
		};
/* End PBXResourcesBuildPhase section */

/* Begin PBXSourcesBuildPhase section */
		012600FF149D6DA700D31467 /* Sources */ = {
			isa = PBXSourcesBuildPhase;
			buildActionMask = 2147483647;
			files = (
				01260114149D6DA700D31467 /* main.m in Sources */,
				01260118149D6DA800D31467 /* AppDelegate.m in Sources */,
				0126011B149D6DA800D31467 /* ViewController.m in Sources */,
				012B9E7F149D866700075D91 /* ColorUtils.m in Sources */,
			);
			runOnlyForDeploymentPostprocessing = 0;
		};
/* End PBXSourcesBuildPhase section */

/* Begin PBXVariantGroup section */
		01260110149D6DA700D31467 /* InfoPlist.strings */ = {
			isa = PBXVariantGroup;
			children = (
				01260111149D6DA700D31467 /* en */,
			);
			name = InfoPlist.strings;
			sourceTree = "<group>";
		};
		0126011C149D6DA800D31467 /* ViewController.xib */ = {
			isa = PBXVariantGroup;
			children = (
				0126011D149D6DA800D31467 /* en */,
			);
			name = ViewController.xib;
			sourceTree = "<group>";
		};
/* End PBXVariantGroup section */

/* Begin XCBuildConfiguration section */
		01260122149D6DA800D31467 /* Debug */ = {
			isa = XCBuildConfiguration;
			buildSettings = {
				ALWAYS_SEARCH_USER_PATHS = NO;
				CLANG_WARN_BOOL_CONVERSION = YES;
				CLANG_WARN_CONSTANT_CONVERSION = YES;
				CLANG_WARN_CXX0X_EXTENSIONS = YES;
				CLANG_WARN_DEPRECATED_OBJC_IMPLEMENTATIONS = YES;
				CLANG_WARN_DOCUMENTATION_COMMENTS = YES;
				CLANG_WARN_EMPTY_BODY = YES;
				CLANG_WARN_ENUM_CONVERSION = YES;
				CLANG_WARN_IMPLICIT_SIGN_CONVERSION = YES;
				CLANG_WARN_INT_CONVERSION = YES;
				CLANG_WARN_OBJC_EXPLICIT_OWNERSHIP_TYPE = YES;
				CLANG_WARN_OBJC_IMPLICIT_ATOMIC_PROPERTIES = YES;
				CLANG_WARN_OBJC_IMPLICIT_RETAIN_SELF = YES;
				CLANG_WARN_OBJC_MISSING_PROPERTY_SYNTHESIS = YES;
				CLANG_WARN_OBJC_RECEIVER_WEAK = YES;
				CLANG_WARN_OBJC_REPEATED_USE_OF_WEAK = YES;
				CLANG_WARN_SUSPICIOUS_IMPLICIT_CONVERSION = YES;
				CLANG_WARN_UNREACHABLE_CODE = YES;
				CLANG_WARN__DUPLICATE_METHOD_MATCH = YES;
				CLANG_WARN__EXIT_TIME_DESTRUCTORS = YES;
				"CODE_SIGN_IDENTITY[sdk=iphoneos*]" = "iPhone Developer";
				COPY_PHASE_STRIP = NO;
				ENABLE_STRICT_OBJC_MSGSEND = YES;
				GCC_C_LANGUAGE_STANDARD = gnu99;
				GCC_DYNAMIC_NO_PIC = NO;
				GCC_OPTIMIZATION_LEVEL = 0;
				GCC_PREPROCESSOR_DEFINITIONS = (
					"DEBUG=1",
					"$(inherited)",
				);
				GCC_SYMBOLS_PRIVATE_EXTERN = NO;
				GCC_TREAT_IMPLICIT_FUNCTION_DECLARATIONS_AS_ERRORS = YES;
				GCC_TREAT_INCOMPATIBLE_POINTER_TYPE_WARNINGS_AS_ERRORS = YES;
				GCC_TREAT_WARNINGS_AS_ERRORS = YES;
				GCC_VERSION = com.apple.compilers.llvm.clang.1_0;
				GCC_WARN_64_TO_32_BIT_CONVERSION = YES;
				GCC_WARN_ABOUT_MISSING_FIELD_INITIALIZERS = YES;
				GCC_WARN_ABOUT_MISSING_NEWLINE = YES;
				GCC_WARN_ABOUT_MISSING_PROTOTYPES = YES;
				GCC_WARN_ABOUT_RETURN_TYPE = YES;
				GCC_WARN_FOUR_CHARACTER_CONSTANTS = YES;
				GCC_WARN_HIDDEN_VIRTUAL_FUNCTIONS = YES;
				GCC_WARN_INITIALIZER_NOT_FULLY_BRACKETED = YES;
				GCC_WARN_MULTIPLE_DEFINITION_TYPES_FOR_SELECTOR = YES;
				GCC_WARN_NON_VIRTUAL_DESTRUCTOR = YES;
				GCC_WARN_PEDANTIC = YES;
				GCC_WARN_SHADOW = YES;
				GCC_WARN_SIGN_COMPARE = YES;
				GCC_WARN_STRICT_SELECTOR_MATCH = YES;
				GCC_WARN_UNDECLARED_SELECTOR = YES;
				GCC_WARN_UNINITIALIZED_AUTOS = YES;
				GCC_WARN_UNKNOWN_PRAGMAS = YES;
				GCC_WARN_UNUSED_FUNCTION = YES;
				GCC_WARN_UNUSED_LABEL = YES;
				GCC_WARN_UNUSED_PARAMETER = YES;
				GCC_WARN_UNUSED_VARIABLE = YES;
				IPHONEOS_DEPLOYMENT_TARGET = 5.0;
				ONLY_ACTIVE_ARCH = YES;
				SDKROOT = iphoneos;
				TARGETED_DEVICE_FAMILY = "1,2";
				WARNING_CFLAGS = (
					"-Weverything",
					"-Wno-objc-missing-property-synthesis",
				);
			};
			name = Debug;
		};
		01260123149D6DA800D31467 /* Release */ = {
			isa = XCBuildConfiguration;
			buildSettings = {
				ALWAYS_SEARCH_USER_PATHS = NO;
				CLANG_WARN_BOOL_CONVERSION = YES;
				CLANG_WARN_CONSTANT_CONVERSION = YES;
				CLANG_WARN_CXX0X_EXTENSIONS = YES;
				CLANG_WARN_DEPRECATED_OBJC_IMPLEMENTATIONS = YES;
				CLANG_WARN_DOCUMENTATION_COMMENTS = YES;
				CLANG_WARN_EMPTY_BODY = YES;
				CLANG_WARN_ENUM_CONVERSION = YES;
				CLANG_WARN_IMPLICIT_SIGN_CONVERSION = YES;
				CLANG_WARN_INT_CONVERSION = YES;
				CLANG_WARN_OBJC_EXPLICIT_OWNERSHIP_TYPE = YES;
				CLANG_WARN_OBJC_IMPLICIT_ATOMIC_PROPERTIES = YES;
				CLANG_WARN_OBJC_IMPLICIT_RETAIN_SELF = YES;
				CLANG_WARN_OBJC_MISSING_PROPERTY_SYNTHESIS = YES;
				CLANG_WARN_OBJC_RECEIVER_WEAK = YES;
				CLANG_WARN_OBJC_REPEATED_USE_OF_WEAK = YES;
				CLANG_WARN_SUSPICIOUS_IMPLICIT_CONVERSION = YES;
				CLANG_WARN_UNREACHABLE_CODE = YES;
				CLANG_WARN__DUPLICATE_METHOD_MATCH = YES;
				CLANG_WARN__EXIT_TIME_DESTRUCTORS = YES;
				"CODE_SIGN_IDENTITY[sdk=iphoneos*]" = "iPhone Developer";
				COPY_PHASE_STRIP = YES;
				ENABLE_STRICT_OBJC_MSGSEND = YES;
				GCC_C_LANGUAGE_STANDARD = gnu99;
				GCC_TREAT_IMPLICIT_FUNCTION_DECLARATIONS_AS_ERRORS = YES;
				GCC_TREAT_INCOMPATIBLE_POINTER_TYPE_WARNINGS_AS_ERRORS = YES;
				GCC_TREAT_WARNINGS_AS_ERRORS = YES;
				GCC_VERSION = com.apple.compilers.llvm.clang.1_0;
				GCC_WARN_64_TO_32_BIT_CONVERSION = YES;
				GCC_WARN_ABOUT_MISSING_FIELD_INITIALIZERS = YES;
				GCC_WARN_ABOUT_MISSING_NEWLINE = YES;
				GCC_WARN_ABOUT_MISSING_PROTOTYPES = YES;
				GCC_WARN_ABOUT_RETURN_TYPE = YES;
				GCC_WARN_FOUR_CHARACTER_CONSTANTS = YES;
				GCC_WARN_HIDDEN_VIRTUAL_FUNCTIONS = YES;
				GCC_WARN_INITIALIZER_NOT_FULLY_BRACKETED = YES;
				GCC_WARN_MULTIPLE_DEFINITION_TYPES_FOR_SELECTOR = YES;
				GCC_WARN_NON_VIRTUAL_DESTRUCTOR = YES;
				GCC_WARN_PEDANTIC = YES;
				GCC_WARN_SHADOW = YES;
				GCC_WARN_SIGN_COMPARE = YES;
				GCC_WARN_STRICT_SELECTOR_MATCH = YES;
				GCC_WARN_UNDECLARED_SELECTOR = YES;
				GCC_WARN_UNINITIALIZED_AUTOS = YES;
				GCC_WARN_UNKNOWN_PRAGMAS = YES;
				GCC_WARN_UNUSED_FUNCTION = YES;
				GCC_WARN_UNUSED_LABEL = YES;
				GCC_WARN_UNUSED_PARAMETER = YES;
				GCC_WARN_UNUSED_VARIABLE = YES;
				IPHONEOS_DEPLOYMENT_TARGET = 5.0;
				OTHER_CFLAGS = "-DNS_BLOCK_ASSERTIONS=1";
				SDKROOT = iphoneos;
				TARGETED_DEVICE_FAMILY = "1,2";
				VALIDATE_PRODUCT = YES;
				WARNING_CFLAGS = (
					"-Weverything",
					"-Wno-objc-missing-property-synthesis",
				);
			};
			name = Release;
		};
		01260125149D6DA800D31467 /* Debug */ = {
			isa = XCBuildConfiguration;
			buildSettings = {
				CLANG_ENABLE_OBJC_ARC = YES;
				CLANG_STATIC_ANALYZER_MODE = deep;
				GCC_PRECOMPILE_PREFIX_HEADER = YES;
				GCC_TREAT_WARNINGS_AS_ERRORS = YES;
				INFOPLIST_FILE = "ColorUtilsExample/ColorUtilsExample-Info.plist";
				PRODUCT_NAME = "$(TARGET_NAME)";
				RUN_CLANG_STATIC_ANALYZER = YES;
				WRAPPER_EXTENSION = app;
			};
			name = Debug;
		};
		01260126149D6DA800D31467 /* Release */ = {
			isa = XCBuildConfiguration;
			buildSettings = {
				CLANG_ENABLE_OBJC_ARC = YES;
				CLANG_STATIC_ANALYZER_MODE = deep;
				GCC_PRECOMPILE_PREFIX_HEADER = YES;
				GCC_TREAT_WARNINGS_AS_ERRORS = YES;
				INFOPLIST_FILE = "ColorUtilsExample/ColorUtilsExample-Info.plist";
				PRODUCT_NAME = "$(TARGET_NAME)";
				RUN_CLANG_STATIC_ANALYZER = YES;
				WRAPPER_EXTENSION = app;
			};
			name = Release;
		};
/* End XCBuildConfiguration section */

/* Begin XCConfigurationList section */
		012600FD149D6DA700D31467 /* Build configuration list for PBXProject "ColorUtilsExample" */ = {
			isa = XCConfigurationList;
			buildConfigurations = (
				01260122149D6DA800D31467 /* Debug */,
				01260123149D6DA800D31467 /* Release */,
			);
			defaultConfigurationIsVisible = 0;
			defaultConfigurationName = Release;
		};
		01260124149D6DA800D31467 /* Build configuration list for PBXNativeTarget "ColorUtilsExample" */ = {
			isa = XCConfigurationList;
			buildConfigurations = (
				01260125149D6DA800D31467 /* Debug */,
				01260126149D6DA800D31467 /* Release */,
			);
			defaultConfigurationIsVisible = 0;
			defaultConfigurationName = Release;
		};
/* End XCConfigurationList section */
	};
	rootObject = 012600FA149D6DA700D31467 /* Project object */;
}
